
Microsoft Visual Studio Solution File, Format Version 12.00
# Visual Studio Version 16
VisualStudioVersion = 16.0.31105.61
MinimumVisualStudioVersion = 10.0.40219.1
Project("{9A19103F-16F7-4668-BE54-9A1E7A4F7556}") = "CursoIDP.IDP", "CursoIDP.IDP.csproj", "{B18663BC-2F17-40B7-A581-3C64AB6A6521}"
EndProject
Global
	GlobalSection(SolutionConfigurationPlatforms) = preSolution
		Debug|Any CPU = Debug|Any CPU
		Release|Any CPU = Release|Any CPU
	EndGlobalSection
	GlobalSection(ProjectConfigurationPlatforms) = postSolution
		{B18663BC-2F17-40B7-A581-3C64AB6A6521}.Debug|Any CPU.ActiveCfg = Debug|Any CPU
		{B18663BC-2F17-40B7-A581-3C64AB6A6521}.Debug|Any CPU.Build.0 = Debug|Any CPU
		{B18663BC-2F17-40B7-A581-3C64AB6A6521}.Release|Any CPU.ActiveCfg = Release|Any CPU
		{B18663BC-2F17-40B7-A581-3C64AB6A6521}.Release|Any CPU.Build.0 = Release|Any CPU
	EndGlobalSection
	GlobalSection(SolutionProperties) = preSolution
		HideSolutionNode = FALSE
	EndGlobalSection
	GlobalSection(ExtensibilityGlobals) = postSolution
		SolutionGuid = {0CB0AF75-DEDE-4A2C-B920-D13C8CC867A3}
	EndGlobalSection
EndGlobal
